
Microsoft Visual Studio Solution File, Format Version 12.00
# Visual Studio Version 16
VisualStudioVersion = 16.0.33927.289
MinimumVisualStudioVersion = 10.0.40219.1
Project("{FAE04EC0-301F-11D3-BF4B-00C04F79EFBC}") = "ConsoleApp1", "ConsoleApp1\ConsoleApp1.csproj", "{FDF2CCB6-4557-49E0-B244-688CE8780DA6}"
EndProject
Global
	GlobalSection(SolutionConfigurationPlatforms) = preSolution
		Debug|Any CPU = Debug|Any CPU
		Release|Any CPU = Release|Any CPU
	EndGlobalSection
	GlobalSection(ProjectConfigurationPlatforms) = postSolution
		{FDF2CCB6-4557-49E0-B244-688CE8780DA6}.Debug|Any CPU.ActiveCfg = Debug|Any CPU
		{FDF2CCB6-4557-49E0-B244-688CE8780DA6}.Debug|Any CPU.Build.0 = Debug|Any CPU
		{FDF2CCB6-4557-49E0-B244-688CE8780DA6}.Release|Any CPU.ActiveCfg = Release|Any CPU
		{FDF2CCB6-4557-49E0-B244-688CE8780DA6}.Release|Any CPU.Build.0 = Release|Any CPU
	EndGlobalSection
	GlobalSection(SolutionProperties) = preSolution
		HideSolutionNode = FALSE
	EndGlobalSection
	GlobalSection(ExtensibilityGlobals) = postSolution
		SolutionGuid = {19E1F13E-B2E1-4731-A7BC-06388DD1459C}
	EndGlobalSection
EndGlobal
